
Microsoft Visual Studio Solution File, Format Version 12.00
# Visual Studio Version 17
VisualStudioVersion = 17.13.35931.197 d17.13
MinimumVisualStudioVersion = 10.0.40219.1
Project("{FAE04EC0-301F-11D3-BF4B-00C04F79EFBC}") = "LessThanHtmlNotDisplayingRepro", "LessThanHtmlNotDisplayingRepro\LessThanHtmlNotDisplayingRepro.csproj", "{794CD743-DD0F-4C80-940D-373AEA39501D}"
EndProject
Global
	GlobalSection(SolutionConfigurationPlatforms) = preSolution
		Debug|Any CPU = Debug|Any CPU
		Release|Any CPU = Release|Any CPU
	EndGlobalSection
	GlobalSection(ProjectConfigurationPlatforms) = postSolution
		{794CD743-DD0F-4C80-940D-373AEA39501D}.Debug|Any CPU.ActiveCfg = Debug|Any CPU
		{794CD743-DD0F-4C80-940D-373AEA39501D}.Debug|Any CPU.Build.0 = Debug|Any CPU
		{794CD743-DD0F-4C80-940D-373AEA39501D}.Release|Any CPU.ActiveCfg = Release|Any CPU
		{794CD743-DD0F-4C80-940D-373AEA39501D}.Release|Any CPU.Build.0 = Release|Any CPU
	EndGlobalSection
	GlobalSection(SolutionProperties) = preSolution
		HideSolutionNode = FALSE
	EndGlobalSection
	GlobalSection(ExtensibilityGlobals) = postSolution
		SolutionGuid = {8D579D8F-DEF7-4FBF-B20C-45ED32ECE84E}
	EndGlobalSection
EndGlobal
